
Microsoft Visual Studio Solution File, Format Version 12.00
# Visual Studio Version 17
VisualStudioVersion = 17.10.35013.160
MinimumVisualStudioVersion = 10.0.40219.1
Project("{FAE04EC0-301F-11D3-BF4B-00C04F79EFBC}") = "CarShowRoom", "CarShowRoom\CarShowRoom.csproj", "{5CF5EA79-9D82-4B96-AAF8-7005D45AB4BB}"
EndProject
Global
	GlobalSection(SolutionConfigurationPlatforms) = preSolution
		Debug|Any CPU = Debug|Any CPU
		Release|Any CPU = Release|Any CPU
	EndGlobalSection
	GlobalSection(ProjectConfigurationPlatforms) = postSolution
		{5CF5EA79-9D82-4B96-AAF8-7005D45AB4BB}.Debug|Any CPU.ActiveCfg = Debug|Any CPU
		{5CF5EA79-9D82-4B96-AAF8-7005D45AB4BB}.Debug|Any CPU.Build.0 = Debug|Any CPU
		{5CF5EA79-9D82-4B96-AAF8-7005D45AB4BB}.Release|Any CPU.ActiveCfg = Release|Any CPU
		{5CF5EA79-9D82-4B96-AAF8-7005D45AB4BB}.Release|Any CPU.Build.0 = Release|Any CPU
	EndGlobalSection
	GlobalSection(SolutionProperties) = preSolution
		HideSolutionNode = FALSE
	EndGlobalSection
	GlobalSection(ExtensibilityGlobals) = postSolution
		SolutionGuid = {FD9CFA28-01ED-4396-893E-C4CB387032C5}
	EndGlobalSection
EndGlobal
